
Microsoft Visual Studio Solution File, Format Version 12.00
# Visual Studio 14
VisualStudioVersion = 14.0.24720.0
MinimumVisualStudioVersion = 10.0.40219.1
Project("{FAE04EC0-301F-11D3-BF4B-00C04F79EFBC}") = "PetStoreClass", "PetStoreClass\PetStoreClass.csproj", "{3B6C3843-FB71-4294-B23C-DF548B9FFEE3}"
EndProject
Project("{FAE04EC0-301F-11D3-BF4B-00C04F79EFBC}") = "PetStoreClass.Tests", "PetStoreClass.Tests\PetStoreClass.Tests.csproj", "{C43CA6B8-BEF7-4EF9-A14E-BABB6B632888}"
EndProject
Global
	GlobalSection(SolutionConfigurationPlatforms) = preSolution
		Debug|Any CPU = Debug|Any CPU
		Release|Any CPU = Release|Any CPU
	EndGlobalSection
	GlobalSection(ProjectConfigurationPlatforms) = postSolution
		{3B6C3843-FB71-4294-B23C-DF548B9FFEE3}.Debug|Any CPU.ActiveCfg = Debug|Any CPU
		{3B6C3843-FB71-4294-B23C-DF548B9FFEE3}.Debug|Any CPU.Build.0 = Debug|Any CPU
		{3B6C3843-FB71-4294-B23C-DF548B9FFEE3}.Release|Any CPU.ActiveCfg = Release|Any CPU
		{3B6C3843-FB71-4294-B23C-DF548B9FFEE3}.Release|Any CPU.Build.0 = Release|Any CPU
		{C43CA6B8-BEF7-4EF9-A14E-BABB6B632888}.Debug|Any CPU.ActiveCfg = Debug|Any CPU
		{C43CA6B8-BEF7-4EF9-A14E-BABB6B632888}.Debug|Any CPU.Build.0 = Debug|Any CPU
		{C43CA6B8-BEF7-4EF9-A14E-BABB6B632888}.Release|Any CPU.ActiveCfg = Release|Any CPU
		{C43CA6B8-BEF7-4EF9-A14E-BABB6B632888}.Release|Any CPU.Build.0 = Release|Any CPU
	EndGlobalSection
	GlobalSection(SolutionProperties) = preSolution
		HideSolutionNode = FALSE
	EndGlobalSection
EndGlobal
